
Microsoft Visual Studio Solution File, Format Version 12.00
# Visual Studio 14
VisualStudioVersion = 14.0.25420.1
MinimumVisualStudioVersion = 10.0.40219.1
Project("{2150E333-8FDC-42A3-9474-1A3956D46DE8}") = "Src", "Src", "{24D8120E-9E41-4329-94CE-7676C18B50E6}"
EndProject
Project("{2150E333-8FDC-42A3-9474-1A3956D46DE8}") = "Core Modules", "Core Modules", "{0E847F54-35A9-46D7-81C3-F9FB3E439460}"
EndProject
Project("{2150E333-8FDC-42A3-9474-1A3956D46DE8}") = "Business Modules", "Business Modules", "{FE6227C2-D2E1-4144-9580-5787D71EFD72}"
EndProject
Project("{2150E333-8FDC-42A3-9474-1A3956D46DE8}") = "Web", "Web", "{EB353E27-36B0-4520-BBEB-A87DD9004263}"
EndProject
Project("{2150E333-8FDC-42A3-9474-1A3956D46DE8}") = "Tests", "Tests", "{377FD006-81F8-4F02-AE0B-355A49EAC940}"
EndProject
Project("{8BB2217D-0F2D-49D1-97BC-3654ED321F3B}") = "Org.App.WebApp", "src\Web\Org.App.WebApp\Org.App.WebApp.xproj", "{69EDF0FF-D316-42D4-BDEF-EC5D2ACC8FB5}"
EndProject
Project("{8BB2217D-0F2D-49D1-97BC-3654ED321F3B}") = "Org.App.BusinessService", "src\Business Modules\Org.App.BusinessService\Org.App.BusinessService.xproj", "{E9E2F3F7-5665-4D05-8E42-EBFD354F960C}"
EndProject
Project("{8BB2217D-0F2D-49D1-97BC-3654ED321F3B}") = "Org.App.DataService", "src\Business Modules\Org.App.DataService\Org.App.DataService.xproj", "{73236DC6-6B1E-40AE-A53A-B51A8CCAE263}"
EndProject
Project("{8BB2217D-0F2D-49D1-97BC-3654ED321F3B}") = "Org.App.Core.Business", "src\Core Modules\Org.App.Core.Business\Org.App.Core.Business.xproj", "{A3CD842B-6568-45D4-ABFA-C67401D9A595}"
EndProject
Project("{8BB2217D-0F2D-49D1-97BC-3654ED321F3B}") = "Org.App.Core.Data", "src\Core Modules\Org.App.Core.Data\Org.App.Core.Data.xproj", "{BBA14097-226E-4A67-A836-3708844AA6E6}"
EndProject
Project("{8BB2217D-0F2D-49D1-97BC-3654ED321F3B}") = "Org.App.Core.Model", "src\Core Modules\Org.App.Core.Model\Org.App.Core.Model.xproj", "{51261E0D-C68A-4AAA-A8C1-4ADB63484853}"
EndProject
Project("{8BB2217D-0F2D-49D1-97BC-3654ED321F3B}") = "Org.App.WebControllers", "src\Web\Org.App.WebControllers\Org.App.WebControllers.xproj", "{408D555E-7C91-4E3C-A069-1B2076FD1473}"
EndProject
Project("{8BB2217D-0F2D-49D1-97BC-3654ED321F3B}") = "Org.App.BusinessService.Tests", "Tests\Org.App.BusinessService.Tests\Org.App.BusinessService.Tests.xproj", "{4537151F-6890-4B46-882D-73C01020ED01}"
EndProject
Project("{2150E333-8FDC-42A3-9474-1A3956D46DE8}") = "Database", "Database", "{093975C2-6CB9-49D4-B9BC-BBF0642E242C}"
EndProject
Project("{00D1A9C2-B5F0-4AF3-8072-F6C62B433612}") = "Adventure", "database\Adventure\Adventure.sqlproj", "{F39A237D-6760-4836-BB82-8B0214B9D6C0}"
EndProject
Global
	GlobalSection(SolutionConfigurationPlatforms) = preSolution
		Debug|Any CPU = Debug|Any CPU
		Release|Any CPU = Release|Any CPU
	EndGlobalSection
	GlobalSection(ProjectConfigurationPlatforms) = postSolution
		{69EDF0FF-D316-42D4-BDEF-EC5D2ACC8FB5}.Debug|Any CPU.ActiveCfg = Debug|Any CPU
		{69EDF0FF-D316-42D4-BDEF-EC5D2ACC8FB5}.Debug|Any CPU.Build.0 = Debug|Any CPU
		{69EDF0FF-D316-42D4-BDEF-EC5D2ACC8FB5}.Release|Any CPU.ActiveCfg = Release|Any CPU
		{69EDF0FF-D316-42D4-BDEF-EC5D2ACC8FB5}.Release|Any CPU.Build.0 = Release|Any CPU
		{E9E2F3F7-5665-4D05-8E42-EBFD354F960C}.Debug|Any CPU.ActiveCfg = Debug|Any CPU
		{E9E2F3F7-5665-4D05-8E42-EBFD354F960C}.Debug|Any CPU.Build.0 = Debug|Any CPU
		{E9E2F3F7-5665-4D05-8E42-EBFD354F960C}.Release|Any CPU.ActiveCfg = Release|Any CPU
		{E9E2F3F7-5665-4D05-8E42-EBFD354F960C}.Release|Any CPU.Build.0 = Release|Any CPU
		{73236DC6-6B1E-40AE-A53A-B51A8CCAE263}.Debug|Any CPU.ActiveCfg = Debug|Any CPU
		{73236DC6-6B1E-40AE-A53A-B51A8CCAE263}.Debug|Any CPU.Build.0 = Debug|Any CPU
		{73236DC6-6B1E-40AE-A53A-B51A8CCAE263}.Release|Any CPU.ActiveCfg = Release|Any CPU
		{73236DC6-6B1E-40AE-A53A-B51A8CCAE263}.Release|Any CPU.Build.0 = Release|Any CPU
		{A3CD842B-6568-45D4-ABFA-C67401D9A595}.Debug|Any CPU.ActiveCfg = Debug|Any CPU
		{A3CD842B-6568-45D4-ABFA-C67401D9A595}.Debug|Any CPU.Build.0 = Debug|Any CPU
		{A3CD842B-6568-45D4-ABFA-C67401D9A595}.Release|Any CPU.ActiveCfg = Release|Any CPU
		{A3CD842B-6568-45D4-ABFA-C67401D9A595}.Release|Any CPU.Build.0 = Release|Any CPU
		{BBA14097-226E-4A67-A836-3708844AA6E6}.Debug|Any CPU.ActiveCfg = Debug|Any CPU
		{BBA14097-226E-4A67-A836-3708844AA6E6}.Debug|Any CPU.Build.0 = Debug|Any CPU
		{BBA14097-226E-4A67-A836-3708844AA6E6}.Release|Any CPU.ActiveCfg = Release|Any CPU
		{BBA14097-226E-4A67-A836-3708844AA6E6}.Release|Any CPU.Build.0 = Release|Any CPU
		{51261E0D-C68A-4AAA-A8C1-4ADB63484853}.Debug|Any CPU.ActiveCfg = Debug|Any CPU
		{51261E0D-C68A-4AAA-A8C1-4ADB63484853}.Debug|Any CPU.Build.0 = Debug|Any CPU
		{51261E0D-C68A-4AAA-A8C1-4ADB63484853}.Release|Any CPU.ActiveCfg = Release|Any CPU
		{51261E0D-C68A-4AAA-A8C1-4ADB63484853}.Release|Any CPU.Build.0 = Release|Any CPU
		{408D555E-7C91-4E3C-A069-1B2076FD1473}.Debug|Any CPU.ActiveCfg = Debug|Any CPU
		{408D555E-7C91-4E3C-A069-1B2076FD1473}.Debug|Any CPU.Build.0 = Debug|Any CPU
		{408D555E-7C91-4E3C-A069-1B2076FD1473}.Release|Any CPU.ActiveCfg = Release|Any CPU
		{408D555E-7C91-4E3C-A069-1B2076FD1473}.Release|Any CPU.Build.0 = Release|Any CPU
		{4537151F-6890-4B46-882D-73C01020ED01}.Debug|Any CPU.ActiveCfg = Debug|Any CPU
		{4537151F-6890-4B46-882D-73C01020ED01}.Debug|Any CPU.Build.0 = Debug|Any CPU
		{4537151F-6890-4B46-882D-73C01020ED01}.Release|Any CPU.ActiveCfg = Release|Any CPU
		{4537151F-6890-4B46-882D-73C01020ED01}.Release|Any CPU.Build.0 = Release|Any CPU
		{F39A237D-6760-4836-BB82-8B0214B9D6C0}.Debug|Any CPU.ActiveCfg = Debug|Any CPU
		{F39A237D-6760-4836-BB82-8B0214B9D6C0}.Debug|Any CPU.Build.0 = Debug|Any CPU
		{F39A237D-6760-4836-BB82-8B0214B9D6C0}.Debug|Any CPU.Deploy.0 = Debug|Any CPU
		{F39A237D-6760-4836-BB82-8B0214B9D6C0}.Release|Any CPU.ActiveCfg = Release|Any CPU
		{F39A237D-6760-4836-BB82-8B0214B9D6C0}.Release|Any CPU.Build.0 = Release|Any CPU
		{F39A237D-6760-4836-BB82-8B0214B9D6C0}.Release|Any CPU.Deploy.0 = Release|Any CPU
	EndGlobalSection
	GlobalSection(SolutionProperties) = preSolution
		HideSolutionNode = FALSE
	EndGlobalSection
	GlobalSection(NestedProjects) = preSolution
		{0E847F54-35A9-46D7-81C3-F9FB3E439460} = {24D8120E-9E41-4329-94CE-7676C18B50E6}
		{FE6227C2-D2E1-4144-9580-5787D71EFD72} = {24D8120E-9E41-4329-94CE-7676C18B50E6}
		{EB353E27-36B0-4520-BBEB-A87DD9004263} = {24D8120E-9E41-4329-94CE-7676C18B50E6}
		{69EDF0FF-D316-42D4-BDEF-EC5D2ACC8FB5} = {EB353E27-36B0-4520-BBEB-A87DD9004263}
		{E9E2F3F7-5665-4D05-8E42-EBFD354F960C} = {FE6227C2-D2E1-4144-9580-5787D71EFD72}
		{73236DC6-6B1E-40AE-A53A-B51A8CCAE263} = {FE6227C2-D2E1-4144-9580-5787D71EFD72}
		{A3CD842B-6568-45D4-ABFA-C67401D9A595} = {0E847F54-35A9-46D7-81C3-F9FB3E439460}
		{BBA14097-226E-4A67-A836-3708844AA6E6} = {0E847F54-35A9-46D7-81C3-F9FB3E439460}
		{51261E0D-C68A-4AAA-A8C1-4ADB63484853} = {0E847F54-35A9-46D7-81C3-F9FB3E439460}
		{408D555E-7C91-4E3C-A069-1B2076FD1473} = {EB353E27-36B0-4520-BBEB-A87DD9004263}
		{4537151F-6890-4B46-882D-73C01020ED01} = {377FD006-81F8-4F02-AE0B-355A49EAC940}
		{F39A237D-6760-4836-BB82-8B0214B9D6C0} = {093975C2-6CB9-49D4-B9BC-BBF0642E242C}
	EndGlobalSection
EndGlobal
